
Microsoft Visual Studio Solution File, Format Version 12.00
# Visual Studio Version 16
VisualStudioVersion = 16.0.29020.237
MinimumVisualStudioVersion = 10.0.40219.1
Project("{FAE04EC0-301F-11D3-BF4B-00C04F79EFBC}") = "watchApp", "watchApp\watchApp.csproj", "{ADEDF73F-92A2-477C-B89C-EE38C52ED3DF}"
EndProject
Global
	GlobalSection(SolutionConfigurationPlatforms) = preSolution
		Debug|Any CPU = Debug|Any CPU
		Release|Any CPU = Release|Any CPU
	EndGlobalSection
	GlobalSection(ProjectConfigurationPlatforms) = postSolution
		{ADEDF73F-92A2-477C-B89C-EE38C52ED3DF}.Debug|Any CPU.ActiveCfg = Debug|Any CPU
		{ADEDF73F-92A2-477C-B89C-EE38C52ED3DF}.Debug|Any CPU.Build.0 = Debug|Any CPU
		{ADEDF73F-92A2-477C-B89C-EE38C52ED3DF}.Release|Any CPU.ActiveCfg = Release|Any CPU
		{ADEDF73F-92A2-477C-B89C-EE38C52ED3DF}.Release|Any CPU.Build.0 = Release|Any CPU
	EndGlobalSection
	GlobalSection(SolutionProperties) = preSolution
		HideSolutionNode = FALSE
	EndGlobalSection
	GlobalSection(ExtensibilityGlobals) = postSolution
		SolutionGuid = {7094EB15-1AF6-4563-AA12-E978C18DC121}
	EndGlobalSection
EndGlobal
